// !$*UTF8*$!
{
	archiveVersion = 1;
	classes = {
	};
	objectVersion = 77;
	objects = {

/* Begin PBXBuildFile section */
		5C6F74AC2CFA823200086FBB /* GoogleMaps in Frameworks */ = {isa = PBXBuildFile; productRef = 5C6F74AB2CFA823200086FBB /* GoogleMaps */; };
		5C6F74AF2CFA829000086FBB /* FirebaseAnalytics in Frameworks */ = {isa = PBXBuildFile; productRef = 5C6F74AE2CFA829000086FBB /* FirebaseAnalytics */; };
		5C6F74B12CFA829000086FBB /* FirebaseFirestore in Frameworks */ = {isa = PBXBuildFile; productRef = 5C6F74B02CFA829000086FBB /* FirebaseFirestore */; };
		5C6F74B32CFA82D400086FBB /* FirebaseCore in Frameworks */ = {isa = PBXBuildFile; productRef = 5C6F74B22CFA82D400086FBB /* FirebaseCore */; };
		5C6F74B52CFA837000086FBB /* FirebaseAppCheck in Frameworks */ = {isa = PBXBuildFile; productRef = 5C6F74B42CFA837000086FBB /* FirebaseAppCheck */; };
		5C6F74B72CFA837000086FBB /* FirebaseAppDistribution-Beta in Frameworks */ = {isa = PBXBuildFile; productRef = 5C6F74B62CFA837000086FBB /* FirebaseAppDistribution-Beta */; };
/* End PBXBuildFile section */

/* Begin PBXContainerItemProxy section */
		5C6F746F2CFA820200086FBB /* PBXContainerItemProxy */ = {
			isa = PBXContainerItemProxy;
			containerPortal = 5C6F74562CFA81FD00086FBB /* Project object */;
			proxyType = 1;
			remoteGlobalIDString = 5C6F745D2CFA81FD00086FBB;
			remoteInfo = "find-my-facilities";
		};
		5C6F74792CFA820200086FBB /* PBXContainerItemProxy */ = {
			isa = PBXContainerItemProxy;
			containerPortal = 5C6F74562CFA81FD00086FBB /* Project object */;
			proxyType = 1;
			remoteGlobalIDString = 5C6F745D2CFA81FD00086FBB;
			remoteInfo = "find-my-facilities";
		};
/* End PBXContainerItemProxy section */

/* Begin PBXFileReference section */
		5C6F745E2CFA81FD00086FBB /* find-my-facilities.app */ = {isa = PBXFileReference; explicitFileType = wrapper.application; includeInIndex = 0; path = "find-my-facilities.app"; sourceTree = BUILT_PRODUCTS_DIR; };
		5C6F746E2CFA820200086FBB /* find-my-facilitiesTests.xctest */ = {isa = PBXFileReference; explicitFileType = wrapper.cfbundle; includeInIndex = 0; path = "find-my-facilitiesTests.xctest"; sourceTree = BUILT_PRODUCTS_DIR; };
		5C6F74782CFA820200086FBB /* find-my-facilitiesUITests.xctest */ = {isa = PBXFileReference; explicitFileType = wrapper.cfbundle; includeInIndex = 0; path = "find-my-facilitiesUITests.xctest"; sourceTree = BUILT_PRODUCTS_DIR; };
/* End PBXFileReference section */

/* Begin PBXFileSystemSynchronizedBuildFileExceptionSet section */
		5C6F74B92CFA854A00086FBB /* Exceptions for "find-my-facilities" folder in "find-my-facilities" target */ = {
			isa = PBXFileSystemSynchronizedBuildFileExceptionSet;
			membershipExceptions = (
				Info.plist,
			);
			target = 5C6F745D2CFA81FD00086FBB /* find-my-facilities */;
		};
/* End PBXFileSystemSynchronizedBuildFileExceptionSet section */

/* Begin PBXFileSystemSynchronizedRootGroup section */
		5C6F74602CFA81FD00086FBB /* find-my-facilities */ = {
			isa = PBXFileSystemSynchronizedRootGroup;
			exceptions = (
				5C6F74B92CFA854A00086FBB /* Exceptions for "find-my-facilities" folder in "find-my-facilities" target */,
			);
			path = "find-my-facilities";
			sourceTree = "<group>";
		};
		5C6F74712CFA820200086FBB /* find-my-facilitiesTests */ = {
			isa = PBXFileSystemSynchronizedRootGroup;
			path = "find-my-facilitiesTests";
			sourceTree = "<group>";
		};
		5C6F747B2CFA820200086FBB /* find-my-facilitiesUITests */ = {
			isa = PBXFileSystemSynchronizedRootGroup;
			path = "find-my-facilitiesUITests";
			sourceTree = "<group>";
		};
/* End PBXFileSystemSynchronizedRootGroup section */

/* Begin PBXFrameworksBuildPhase section */
		5C6F745B2CFA81FD00086FBB /* Frameworks */ = {
			isa = PBXFrameworksBuildPhase;
			buildActionMask = 2147483647;
			files = (
				5C6F74AF2CFA829000086FBB /* FirebaseAnalytics in Frameworks */,
				5C6F74AC2CFA823200086FBB /* GoogleMaps in Frameworks */,
				5C6F74B32CFA82D400086FBB /* FirebaseCore in Frameworks */,
				5C6F74B52CFA837000086FBB /* FirebaseAppCheck in Frameworks */,
				5C6F74B12CFA829000086FBB /* FirebaseFirestore in Frameworks */,
				5C6F74B72CFA837000086FBB /* FirebaseAppDistribution-Beta in Frameworks */,
			);
			runOnlyForDeploymentPostprocessing = 0;
		};
		5C6F746B2CFA820200086FBB /* Frameworks */ = {
			isa = PBXFrameworksBuildPhase;
			buildActionMask = 2147483647;
			files = (
			);
			runOnlyForDeploymentPostprocessing = 0;
		};
		5C6F74752CFA820200086FBB /* Frameworks */ = {
			isa = PBXFrameworksBuildPhase;
			buildActionMask = 2147483647;
			files = (
			);
			runOnlyForDeploymentPostprocessing = 0;
		};
/* End PBXFrameworksBuildPhase section */

/* Begin PBXGroup section */
		5C6F74552CFA81FD00086FBB = {
			isa = PBXGroup;
			children = (
				5C6F74602CFA81FD00086FBB /* find-my-facilities */,
				5C6F74712CFA820200086FBB /* find-my-facilitiesTests */,
				5C6F747B2CFA820200086FBB /* find-my-facilitiesUITests */,
				5C6F745F2CFA81FD00086FBB /* Products */,
			);
			sourceTree = "<group>";
		};
		5C6F745F2CFA81FD00086FBB /* Products */ = {
			isa = PBXGroup;
			children = (
				5C6F745E2CFA81FD00086FBB /* find-my-facilities.app */,
				5C6F746E2CFA820200086FBB /* find-my-facilitiesTests.xctest */,
				5C6F74782CFA820200086FBB /* find-my-facilitiesUITests.xctest */,
			);
			name = Products;
			sourceTree = "<group>";
		};
/* End PBXGroup section */

/* Begin PBXNativeTarget section */
		5C6F745D2CFA81FD00086FBB /* find-my-facilities */ = {
			isa = PBXNativeTarget;
			buildConfigurationList = 5C6F74822CFA820200086FBB /* Build configuration list for PBXNativeTarget "find-my-facilities" */;
			buildPhases = (
				5C6F745A2CFA81FD00086FBB /* Sources */,
				5C6F745B2CFA81FD00086FBB /* Frameworks */,
				5C6F745C2CFA81FD00086FBB /* Resources */,
			);
			buildRules = (
			);
			dependencies = (
			);
			fileSystemSynchronizedGroups = (
				5C6F74602CFA81FD00086FBB /* find-my-facilities */,
			);
			name = "find-my-facilities";
			packageProductDependencies = (
				5C6F74AB2CFA823200086FBB /* GoogleMaps */,
				5C6F74AE2CFA829000086FBB /* FirebaseAnalytics */,
				5C6F74B02CFA829000086FBB /* FirebaseFirestore */,
				5C6F74B22CFA82D400086FBB /* FirebaseCore */,
				5C6F74B42CFA837000086FBB /* FirebaseAppCheck */,
				5C6F74B62CFA837000086FBB /* FirebaseAppDistribution-Beta */,
			);
			productName = "find-my-facilities";
			productReference = 5C6F745E2CFA81FD00086FBB /* find-my-facilities.app */;
			productType = "com.apple.product-type.application";
		};
		5C6F746D2CFA820200086FBB /* find-my-facilitiesTests */ = {
			isa = PBXNativeTarget;
			buildConfigurationList = 5C6F74852CFA820200086FBB /* Build configuration list for PBXNativeTarget "find-my-facilitiesTests" */;
			buildPhases = (
				5C6F746A2CFA820200086FBB /* Sources */,
				5C6F746B2CFA820200086FBB /* Frameworks */,
				5C6F746C2CFA820200086FBB /* Resources */,
			);
			buildRules = (
			);
			dependencies = (
				5C6F74702CFA820200086FBB /* PBXTargetDependency */,
			);
			fileSystemSynchronizedGroups = (
				5C6F74712CFA820200086FBB /* find-my-facilitiesTests */,
			);
			name = "find-my-facilitiesTests";
			packageProductDependencies = (
			);
			productName = "find-my-facilitiesTests";
			productReference = 5C6F746E2CFA820200086FBB /* find-my-facilitiesTests.xctest */;
			productType = "com.apple.product-type.bundle.unit-test";
		};
		5C6F74772CFA820200086FBB /* find-my-facilitiesUITests */ = {
			isa = PBXNativeTarget;
			buildConfigurationList = 5C6F74882CFA820200086FBB /* Build configuration list for PBXNativeTarget "find-my-facilitiesUITests" */;
			buildPhases = (
				5C6F74742CFA820200086FBB /* Sources */,
				5C6F74752CFA820200086FBB /* Frameworks */,
				5C6F74762CFA820200086FBB /* Resources */,
			);
			buildRules = (
			);
			dependencies = (
				5C6F747A2CFA820200086FBB /* PBXTargetDependency */,
			);
			fileSystemSynchronizedGroups = (
				5C6F747B2CFA820200086FBB /* find-my-facilitiesUITests */,
			);
			name = "find-my-facilitiesUITests";
			packageProductDependencies = (
			);
			productName = "find-my-facilitiesUITests";
			productReference = 5C6F74782CFA820200086FBB /* find-my-facilitiesUITests.xctest */;
			productType = "com.apple.product-type.bundle.ui-testing";
		};
/* End PBXNativeTarget section */

/* Begin PBXProject section */
		5C6F74562CFA81FD00086FBB /* Project object */ = {
			isa = PBXProject;
			attributes = {
				BuildIndependentTargetsInParallel = 1;
				LastSwiftUpdateCheck = 1610;
				LastUpgradeCheck = 1610;
				TargetAttributes = {
					5C6F745D2CFA81FD00086FBB = {
						CreatedOnToolsVersion = 16.1;
					};
					5C6F746D2CFA820200086FBB = {
						CreatedOnToolsVersion = 16.1;
						TestTargetID = 5C6F745D2CFA81FD00086FBB;
					};
					5C6F74772CFA820200086FBB = {
						CreatedOnToolsVersion = 16.1;
						TestTargetID = 5C6F745D2CFA81FD00086FBB;
					};
				};
			};
			buildConfigurationList = 5C6F74592CFA81FD00086FBB /* Build configuration list for PBXProject "find-my-facilities" */;
			developmentRegion = en;
			hasScannedForEncodings = 0;
			knownRegions = (
				en,
				Base,
			);
			mainGroup = 5C6F74552CFA81FD00086FBB;
			minimizedProjectReferenceProxies = 1;
			packageReferences = (
				5C6F74AA2CFA823200086FBB /* XCRemoteSwiftPackageReference "ios-maps-sdk" */,
				5C6F74AD2CFA829000086FBB /* XCRemoteSwiftPackageReference "firebase-ios-sdk" */,
			);
			preferredProjectObjectVersion = 77;
			productRefGroup = 5C6F745F2CFA81FD00086FBB /* Products */;
			projectDirPath = "";
			projectRoot = "";
			targets = (
				5C6F745D2CFA81FD00086FBB /* find-my-facilities */,
				5C6F746D2CFA820200086FBB /* find-my-facilitiesTests */,
				5C6F74772CFA820200086FBB /* find-my-facilitiesUITests */,
			);
		};
/* End PBXProject section */

/* Begin PBXResourcesBuildPhase section */
		5C6F745C2CFA81FD00086FBB /* Resources */ = {
			isa = PBXResourcesBuildPhase;
			buildActionMask = 2147483647;
			files = (
			);
			runOnlyForDeploymentPostprocessing = 0;
		};
		5C6F746C2CFA820200086FBB /* Resources */ = {
			isa = PBXResourcesBuildPhase;
			buildActionMask = 2147483647;
			files = (
			);
			runOnlyForDeploymentPostprocessing = 0;
		};
		5C6F74762CFA820200086FBB /* Resources */ = {
			isa = PBXResourcesBuildPhase;
			buildActionMask = 2147483647;
			files = (
			);
			runOnlyForDeploymentPostprocessing = 0;
		};
/* End PBXResourcesBuildPhase section */

/* Begin PBXSourcesBuildPhase section */
		5C6F745A2CFA81FD00086FBB /* Sources */ = {
			isa = PBXSourcesBuildPhase;
			buildActionMask = 2147483647;
			files = (
			);
			runOnlyForDeploymentPostprocessing = 0;
		};
		5C6F746A2CFA820200086FBB /* Sources */ = {
			isa = PBXSourcesBuildPhase;
			buildActionMask = 2147483647;
			files = (
			);
			runOnlyForDeploymentPostprocessing = 0;
		};
		5C6F74742CFA820200086FBB /* Sources */ = {
			isa = PBXSourcesBuildPhase;
			buildActionMask = 2147483647;
			files = (
			);
			runOnlyForDeploymentPostprocessing = 0;
		};
/* End PBXSourcesBuildPhase section */

/* Begin PBXTargetDependency section */
		5C6F74702CFA820200086FBB /* PBXTargetDependency */ = {
			isa = PBXTargetDependency;
			target = 5C6F745D2CFA81FD00086FBB /* find-my-facilities */;
			targetProxy = 5C6F746F2CFA820200086FBB /* PBXContainerItemProxy */;
		};
		5C6F747A2CFA820200086FBB /* PBXTargetDependency */ = {
			isa = PBXTargetDependency;
			target = 5C6F745D2CFA81FD00086FBB /* find-my-facilities */;
			targetProxy = 5C6F74792CFA820200086FBB /* PBXContainerItemProxy */;
		};
/* End PBXTargetDependency section */

/* Begin XCBuildConfiguration section */
		5C6F74802CFA820200086FBB /* Debug */ = {
			isa = XCBuildConfiguration;
			buildSettings = {
				ALWAYS_SEARCH_USER_PATHS = NO;
				ASSETCATALOG_COMPILER_GENERATE_SWIFT_ASSET_SYMBOL_EXTENSIONS = YES;
				CLANG_ANALYZER_NONNULL = YES;
				CLANG_ANALYZER_NUMBER_OBJECT_CONVERSION = YES_AGGRESSIVE;
				CLANG_CXX_LANGUAGE_STANDARD = "gnu++20";
				CLANG_ENABLE_MODULES = YES;
				CLANG_ENABLE_OBJC_ARC = YES;
				CLANG_ENABLE_OBJC_WEAK = YES;
				CLANG_WARN_BLOCK_CAPTURE_AUTORELEASING = YES;
				CLANG_WARN_BOOL_CONVERSION = YES;
				CLANG_WARN_COMMA = YES;
				CLANG_WARN_CONSTANT_CONVERSION = YES;
				CLANG_WARN_DEPRECATED_OBJC_IMPLEMENTATIONS = YES;
				CLANG_WARN_DIRECT_OBJC_ISA_USAGE = YES_ERROR;
				CLANG_WARN_DOCUMENTATION_COMMENTS = YES;
				CLANG_WARN_EMPTY_BODY = YES;
				CLANG_WARN_ENUM_CONVERSION = YES;
				CLANG_WARN_INFINITE_RECURSION = YES;
				CLANG_WARN_INT_CONVERSION = YES;
				CLANG_WARN_NON_LITERAL_NULL_CONVERSION = YES;
				CLANG_WARN_OBJC_IMPLICIT_RETAIN_SELF = YES;
				CLANG_WARN_OBJC_LITERAL_CONVERSION = YES;
				CLANG_WARN_OBJC_ROOT_CLASS = YES_ERROR;
				CLANG_WARN_QUOTED_INCLUDE_IN_FRAMEWORK_HEADER = YES;
				CLANG_WARN_RANGE_LOOP_ANALYSIS = YES;
				CLANG_WARN_STRICT_PROTOTYPES = YES;
				CLANG_WARN_SUSPICIOUS_MOVE = YES;
				CLANG_WARN_UNGUARDED_AVAILABILITY = YES_AGGRESSIVE;
				CLANG_WARN_UNREACHABLE_CODE = YES;
				CLANG_WARN__DUPLICATE_METHOD_MATCH = YES;
				COPY_PHASE_STRIP = NO;
				DEBUG_INFORMATION_FORMAT = dwarf;
				ENABLE_STRICT_OBJC_MSGSEND = YES;
				ENABLE_TESTABILITY = YES;
				ENABLE_USER_SCRIPT_SANDBOXING = YES;
				GCC_C_LANGUAGE_STANDARD = gnu17;
				GCC_DYNAMIC_NO_PIC = NO;
				GCC_NO_COMMON_BLOCKS = YES;
				GCC_OPTIMIZATION_LEVEL = 0;
				GCC_PREPROCESSOR_DEFINITIONS = (
					"DEBUG=1",
					"$(inherited)",
				);
				GCC_WARN_64_TO_32_BIT_CONVERSION = YES;
				GCC_WARN_ABOUT_RETURN_TYPE = YES_ERROR;
				GCC_WARN_UNDECLARED_SELECTOR = YES;
				GCC_WARN_UNINITIALIZED_AUTOS = YES_AGGRESSIVE;
				GCC_WARN_UNUSED_FUNCTION = YES;
				GCC_WARN_UNUSED_VARIABLE = YES;
				IPHONEOS_DEPLOYMENT_TARGET = 18.1;
				LOCALIZATION_PREFERS_STRING_CATALOGS = YES;
				MTL_ENABLE_DEBUG_INFO = INCLUDE_SOURCE;
				MTL_FAST_MATH = YES;
				ONLY_ACTIVE_ARCH = YES;
				SDKROOT = iphoneos;
				SWIFT_ACTIVE_COMPILATION_CONDITIONS = "DEBUG $(inherited)";
				SWIFT_OPTIMIZATION_LEVEL = "-Onone";
			};
			name = Debug;
		};
		5C6F74812CFA820200086FBB /* Release */ = {
			isa = XCBuildConfiguration;
			buildSettings = {
				ALWAYS_SEARCH_USER_PATHS = NO;
				ASSETCATALOG_COMPILER_GENERATE_SWIFT_ASSET_SYMBOL_EXTENSIONS = YES;
				CLANG_ANALYZER_NONNULL = YES;
				CLANG_ANALYZER_NUMBER_OBJECT_CONVERSION = YES_AGGRESSIVE;
				CLANG_CXX_LANGUAGE_STANDARD = "gnu++20";
				CLANG_ENABLE_MODULES = YES;
				CLANG_ENABLE_OBJC_ARC = YES;
				CLANG_ENABLE_OBJC_WEAK = YES;
				CLANG_WARN_BLOCK_CAPTURE_AUTORELEASING = YES;
				CLANG_WARN_BOOL_CONVERSION = YES;
				CLANG_WARN_COMMA = YES;
				CLANG_WARN_CONSTANT_CONVERSION = YES;
				CLANG_WARN_DEPRECATED_OBJC_IMPLEMENTATIONS = YES;
				CLANG_WARN_DIRECT_OBJC_ISA_USAGE = YES_ERROR;
				CLANG_WARN_DOCUMENTATION_COMMENTS = YES;
				CLANG_WARN_EMPTY_BODY = YES;
				CLANG_WARN_ENUM_CONVERSION = YES;
				CLANG_WARN_INFINITE_RECURSION = YES;
				CLANG_WARN_INT_CONVERSION = YES;
				CLANG_WARN_NON_LITERAL_NULL_CONVERSION = YES;
				CLANG_WARN_OBJC_IMPLICIT_RETAIN_SELF = YES;
				CLANG_WARN_OBJC_LITERAL_CONVERSION = YES;
				CLANG_WARN_OBJC_ROOT_CLASS = YES_ERROR;
				CLANG_WARN_QUOTED_INCLUDE_IN_FRAMEWORK_HEADER = YES;
				CLANG_WARN_RANGE_LOOP_ANALYSIS = YES;
				CLANG_WARN_STRICT_PROTOTYPES = YES;
				CLANG_WARN_SUSPICIOUS_MOVE = YES;
				CLANG_WARN_UNGUARDED_AVAILABILITY = YES_AGGRESSIVE;
				CLANG_WARN_UNREACHABLE_CODE = YES;
				CLANG_WARN__DUPLICATE_METHOD_MATCH = YES;
				COPY_PHASE_STRIP = NO;
				DEBUG_INFORMATION_FORMAT = "dwarf-with-dsym";
				ENABLE_NS_ASSERTIONS = NO;
				ENABLE_STRICT_OBJC_MSGSEND = YES;
				ENABLE_USER_SCRIPT_SANDBOXING = YES;
				GCC_C_LANGUAGE_STANDARD = gnu17;
				GCC_NO_COMMON_BLOCKS = YES;
				GCC_WARN_64_TO_32_BIT_CONVERSION = YES;
				GCC_WARN_ABOUT_RETURN_TYPE = YES_ERROR;
				GCC_WARN_UNDECLARED_SELECTOR = YES;
				GCC_WARN_UNINITIALIZED_AUTOS = YES_AGGRESSIVE;
				GCC_WARN_UNUSED_FUNCTION = YES;
				GCC_WARN_UNUSED_VARIABLE = YES;
				IPHONEOS_DEPLOYMENT_TARGET = 18.1;
				LOCALIZATION_PREFERS_STRING_CATALOGS = YES;
				MTL_ENABLE_DEBUG_INFO = NO;
				MTL_FAST_MATH = YES;
				SDKROOT = iphoneos;
				SWIFT_COMPILATION_MODE = wholemodule;
				VALIDATE_PRODUCT = YES;
			};
			name = Release;
		};
		5C6F74832CFA820200086FBB /* Debug */ = {
			isa = XCBuildConfiguration;
			buildSettings = {
				ASSETCATALOG_COMPILER_APPICON_NAME = AppIcon;
				ASSETCATALOG_COMPILER_GLOBAL_ACCENT_COLOR_NAME = AccentColor;
				CODE_SIGN_STYLE = Automatic;
				CURRENT_PROJECT_VERSION = 1;
				DEVELOPMENT_ASSET_PATHS = "\"find-my-facilities/Preview Content\"";
				DEVELOPMENT_TEAM = 67G47TCZWY;
				ENABLE_PREVIEWS = YES;
				GENERATE_INFOPLIST_FILE = YES;
				INFOPLIST_FILE = "find-my-facilities/Info.plist";
				INFOPLIST_KEY_NSLocationAlwaysAndWhenInUseUsageDescription = "Your location allows you to view nearby facilities.";
				INFOPLIST_KEY_NSLocationAlwaysUsageDescription = "";
				INFOPLIST_KEY_NSLocationWhenInUseUsageDescription = "";
				INFOPLIST_KEY_UIApplicationSceneManifest_Generation = YES;
				INFOPLIST_KEY_UIApplicationSupportsIndirectInputEvents = YES;
				INFOPLIST_KEY_UILaunchScreen_Generation = YES;
				INFOPLIST_KEY_UISupportedInterfaceOrientations_iPad = "UIInterfaceOrientationPortrait UIInterfaceOrientationPortraitUpsideDown UIInterfaceOrientationLandscapeLeft UIInterfaceOrientationLandscapeRight";
				INFOPLIST_KEY_UISupportedInterfaceOrientations_iPhone = "UIInterfaceOrientationPortrait UIInterfaceOrientationLandscapeLeft UIInterfaceOrientationLandscapeRight";
				IPHONEOS_DEPLOYMENT_TARGET = 18.0;
				LD_RUNPATH_SEARCH_PATHS = (
					"$(inherited)",
					"@executable_path/Frameworks",
				);
				MARKETING_VERSION = 1.0;
				PRODUCT_BUNDLE_IDENTIFIER = "com.silasnevstad.find-my-facilities";
				PRODUCT_NAME = "$(TARGET_NAME)";
				SUPPORTED_PLATFORMS = "iphoneos iphonesimulator";
				SUPPORTS_MACCATALYST = NO;
				SUPPORTS_MAC_DESIGNED_FOR_IPHONE_IPAD = NO;
				SUPPORTS_XR_DESIGNED_FOR_IPHONE_IPAD = NO;
				SWIFT_EMIT_LOC_STRINGS = YES;
				SWIFT_VERSION = 5.0;
				TARGETED_DEVICE_FAMILY = "1,2";
			};
			name = Debug;
		};
		5C6F74842CFA820200086FBB /* Release */ = {
			isa = XCBuildConfiguration;
			buildSettings = {
				ASSETCATALOG_COMPILER_APPICON_NAME = AppIcon;
				ASSETCATALOG_COMPILER_GLOBAL_ACCENT_COLOR_NAME = AccentColor;
				CODE_SIGN_STYLE = Automatic;
				CURRENT_PROJECT_VERSION = 1;
				DEVELOPMENT_ASSET_PATHS = "\"find-my-facilities/Preview Content\"";
				DEVELOPMENT_TEAM = 67G47TCZWY;
				ENABLE_PREVIEWS = YES;
				GENERATE_INFOPLIST_FILE = YES;
				INFOPLIST_FILE = "find-my-facilities/Info.plist";
				INFOPLIST_KEY_NSLocationAlwaysAndWhenInUseUsageDescription = "Your location allows you to view nearby facilities.";
				INFOPLIST_KEY_NSLocationAlwaysUsageDescription = "";
				INFOPLIST_KEY_NSLocationWhenInUseUsageDescription = "";
				INFOPLIST_KEY_UIApplicationSceneManifest_Generation = YES;
				INFOPLIST_KEY_UIApplicationSupportsIndirectInputEvents = YES;
				INFOPLIST_KEY_UILaunchScreen_Generation = YES;
				INFOPLIST_KEY_UISupportedInterfaceOrientations_iPad = "UIInterfaceOrientationPortrait UIInterfaceOrientationPortraitUpsideDown UIInterfaceOrientationLandscapeLeft UIInterfaceOrientationLandscapeRight";
				INFOPLIST_KEY_UISupportedInterfaceOrientations_iPhone = "UIInterfaceOrientationPortrait UIInterfaceOrientationLandscapeLeft UIInterfaceOrientationLandscapeRight";
				IPHONEOS_DEPLOYMENT_TARGET = 18.0;
				LD_RUNPATH_SEARCH_PATHS = (
					"$(inherited)",
					"@executable_path/Frameworks",
				);
				MARKETING_VERSION = 1.0;
				PRODUCT_BUNDLE_IDENTIFIER = "com.silasnevstad.find-my-facilities";
				PRODUCT_NAME = "$(TARGET_NAME)";
				SUPPORTED_PLATFORMS = "iphoneos iphonesimulator";
				SUPPORTS_MACCATALYST = NO;
				SUPPORTS_MAC_DESIGNED_FOR_IPHONE_IPAD = NO;
				SUPPORTS_XR_DESIGNED_FOR_IPHONE_IPAD = NO;
				SWIFT_EMIT_LOC_STRINGS = YES;
				SWIFT_VERSION = 5.0;
				TARGETED_DEVICE_FAMILY = "1,2";
			};
			name = Release;
		};
		5C6F74862CFA820200086FBB /* Debug */ = {
			isa = XCBuildConfiguration;
			buildSettings = {
				BUNDLE_LOADER = "$(TEST_HOST)";
				CODE_SIGN_STYLE = Automatic;
				CURRENT_PROJECT_VERSION = 1;
				DEVELOPMENT_TEAM = 67G47TCZWY;
				GENERATE_INFOPLIST_FILE = YES;
				IPHONEOS_DEPLOYMENT_TARGET = 18.1;
				MARKETING_VERSION = 1.0;
				PRODUCT_BUNDLE_IDENTIFIER = "com.silasnevstad.find-my-facilitiesTests";
				PRODUCT_NAME = "$(TARGET_NAME)";
				SWIFT_EMIT_LOC_STRINGS = NO;
				SWIFT_VERSION = 5.0;
				TARGETED_DEVICE_FAMILY = "1,2";
				TEST_HOST = "$(BUILT_PRODUCTS_DIR)/find-my-facilities.app/$(BUNDLE_EXECUTABLE_FOLDER_PATH)/find-my-facilities";
			};
			name = Debug;
		};
		5C6F74872CFA820200086FBB /* Release */ = {
			isa = XCBuildConfiguration;
			buildSettings = {
				BUNDLE_LOADER = "$(TEST_HOST)";
				CODE_SIGN_STYLE = Automatic;
				CURRENT_PROJECT_VERSION = 1;
				DEVELOPMENT_TEAM = 67G47TCZWY;
				GENERATE_INFOPLIST_FILE = YES;
				IPHONEOS_DEPLOYMENT_TARGET = 18.1;
				MARKETING_VERSION = 1.0;
				PRODUCT_BUNDLE_IDENTIFIER = "com.silasnevstad.find-my-facilitiesTests";
				PRODUCT_NAME = "$(TARGET_NAME)";
				SWIFT_EMIT_LOC_STRINGS = NO;
				SWIFT_VERSION = 5.0;
				TARGETED_DEVICE_FAMILY = "1,2";
				TEST_HOST = "$(BUILT_PRODUCTS_DIR)/find-my-facilities.app/$(BUNDLE_EXECUTABLE_FOLDER_PATH)/find-my-facilities";
			};
			name = Release;
		};
		5C6F74892CFA820200086FBB /* Debug */ = {
			isa = XCBuildConfiguration;
			buildSettings = {
				CODE_SIGN_STYLE = Automatic;
				CURRENT_PROJECT_VERSION = 1;
				DEVELOPMENT_TEAM = 67G47TCZWY;
				GENERATE_INFOPLIST_FILE = YES;
				MARKETING_VERSION = 1.0;
				PRODUCT_BUNDLE_IDENTIFIER = "com.silasnevstad.find-my-facilitiesUITests";
				PRODUCT_NAME = "$(TARGET_NAME)";
				SWIFT_EMIT_LOC_STRINGS = NO;
				SWIFT_VERSION = 5.0;
				TARGETED_DEVICE_FAMILY = "1,2";
				TEST_TARGET_NAME = "find-my-facilities";
			};
			name = Debug;
		};
		5C6F748A2CFA820200086FBB /* Release */ = {
			isa = XCBuildConfiguration;
			buildSettings = {
				CODE_SIGN_STYLE = Automatic;
				CURRENT_PROJECT_VERSION = 1;
				DEVELOPMENT_TEAM = 67G47TCZWY;
				GENERATE_INFOPLIST_FILE = YES;
				MARKETING_VERSION = 1.0;
				PRODUCT_BUNDLE_IDENTIFIER = "com.silasnevstad.find-my-facilitiesUITests";
				PRODUCT_NAME = "$(TARGET_NAME)";
				SWIFT_EMIT_LOC_STRINGS = NO;
				SWIFT_VERSION = 5.0;
				TARGETED_DEVICE_FAMILY = "1,2";
				TEST_TARGET_NAME = "find-my-facilities";
			};
			name = Release;
		};
/* End XCBuildConfiguration section */

/* Begin XCConfigurationList section */
		5C6F74592CFA81FD00086FBB /* Build configuration list for PBXProject "find-my-facilities" */ = {
			isa = XCConfigurationList;
			buildConfigurations = (
				5C6F74802CFA820200086FBB /* Debug */,
				5C6F74812CFA820200086FBB /* Release */,
			);
			defaultConfigurationIsVisible = 0;
			defaultConfigurationName = Release;
		};
		5C6F74822CFA820200086FBB /* Build configuration list for PBXNativeTarget "find-my-facilities" */ = {
			isa = XCConfigurationList;
			buildConfigurations = (
				5C6F74832CFA820200086FBB /* Debug */,
				5C6F74842CFA820200086FBB /* Release */,
			);
			defaultConfigurationIsVisible = 0;
			defaultConfigurationName = Release;
		};
		5C6F74852CFA820200086FBB /* Build configuration list for PBXNativeTarget "find-my-facilitiesTests" */ = {
			isa = XCConfigurationList;
			buildConfigurations = (
				5C6F74862CFA820200086FBB /* Debug */,
				5C6F74872CFA820200086FBB /* Release */,
			);
			defaultConfigurationIsVisible = 0;
			defaultConfigurationName = Release;
		};
		5C6F74882CFA820200086FBB /* Build configuration list for PBXNativeTarget "find-my-facilitiesUITests" */ = {
			isa = XCConfigurationList;
			buildConfigurations = (
				5C6F74892CFA820200086FBB /* Debug */,
				5C6F748A2CFA820200086FBB /* Release */,
			);
			defaultConfigurationIsVisible = 0;
			defaultConfigurationName = Release;
		};
/* End XCConfigurationList section */

/* Begin XCRemoteSwiftPackageReference section */
		5C6F74AA2CFA823200086FBB /* XCRemoteSwiftPackageReference "ios-maps-sdk" */ = {
			isa = XCRemoteSwiftPackageReference;
			repositoryURL = "https://github.com/googlemaps/ios-maps-sdk";
			requirement = {
				kind = upToNextMajorVersion;
				minimumVersion = 9.2.0;
			};
		};
		5C6F74AD2CFA829000086FBB /* XCRemoteSwiftPackageReference "firebase-ios-sdk" */ = {
			isa = XCRemoteSwiftPackageReference;
			repositoryURL = "https://github.com/firebase/firebase-ios-sdk";
			requirement = {
				kind = upToNextMajorVersion;
				minimumVersion = 11.5.0;
			};
		};
/* End XCRemoteSwiftPackageReference section */

/* Begin XCSwiftPackageProductDependency section */
		5C6F74AB2CFA823200086FBB /* GoogleMaps */ = {
			isa = XCSwiftPackageProductDependency;
			package = 5C6F74AA2CFA823200086FBB /* XCRemoteSwiftPackageReference "ios-maps-sdk" */;
			productName = GoogleMaps;
		};
		5C6F74AE2CFA829000086FBB /* FirebaseAnalytics */ = {
			isa = XCSwiftPackageProductDependency;
			package = 5C6F74AD2CFA829000086FBB /* XCRemoteSwiftPackageReference "firebase-ios-sdk" */;
			productName = FirebaseAnalytics;
		};
		5C6F74B02CFA829000086FBB /* FirebaseFirestore */ = {
			isa = XCSwiftPackageProductDependency;
			package = 5C6F74AD2CFA829000086FBB /* XCRemoteSwiftPackageReference "firebase-ios-sdk" */;
			productName = FirebaseFirestore;
		};
		5C6F74B22CFA82D400086FBB /* FirebaseCore */ = {
			isa = XCSwiftPackageProductDependency;
			package = 5C6F74AD2CFA829000086FBB /* XCRemoteSwiftPackageReference "firebase-ios-sdk" */;
			productName = FirebaseCore;
		};
		5C6F74B42CFA837000086FBB /* FirebaseAppCheck */ = {
			isa = XCSwiftPackageProductDependency;
			package = 5C6F74AD2CFA829000086FBB /* XCRemoteSwiftPackageReference "firebase-ios-sdk" */;
			productName = FirebaseAppCheck;
		};
		5C6F74B62CFA837000086FBB /* FirebaseAppDistribution-Beta */ = {
			isa = XCSwiftPackageProductDependency;
			package = 5C6F74AD2CFA829000086FBB /* XCRemoteSwiftPackageReference "firebase-ios-sdk" */;
			productName = "FirebaseAppDistribution-Beta";
		};
/* End XCSwiftPackageProductDependency section */
	};
	rootObject = 5C6F74562CFA81FD00086FBB /* Project object */;
}
